// !$*UTF8*$!
{
	archiveVersion = 1;
	classes = {
	};
	objectVersion = 46;
	objects = {

/* Begin PBXBuildFile section */
		832787741EAE25300008667F /* AppSettings.m in Sources */ = {isa = PBXBuildFile; fileRef = 832787731EAE25300008667F /* AppSettings.m */; };
		832787771EAE2CD60008667F /* MainNavigationController.m in Sources */ = {isa = PBXBuildFile; fileRef = 832787761EAE2CD60008667F /* MainNavigationController.m */; };
		83A734F11EADEEF400E42738 /* FlowController.m in Sources */ = {isa = PBXBuildFile; fileRef = 83A734F01EADEEF400E42738 /* FlowController.m */; };
		83A734F51EADF8C100E42738 /* AccountSelectionViewController.m in Sources */ = {isa = PBXBuildFile; fileRef = 83A734F41EADF8C100E42738 /* AccountSelectionViewController.m */; };
		83A734F91EAE058B00E42738 /* NSFileManager+DigiCloud.m in Sources */ = {isa = PBXBuildFile; fileRef = 83A734F81EAE058B00E42738 /* NSFileManager+DigiCloud.m */; };
		83A8E85E1EADE76700F2D121 /* main.m in Sources */ = {isa = PBXBuildFile; fileRef = 83A8E85D1EADE76700F2D121 /* main.m */; };
		83A8E8611EADE76700F2D121 /* AppDelegate.m in Sources */ = {isa = PBXBuildFile; fileRef = 83A8E8601EADE76700F2D121 /* AppDelegate.m */; };
		83A8E8691EADE76700F2D121 /* Assets.xcassets in Resources */ = {isa = PBXBuildFile; fileRef = 83A8E8681EADE76700F2D121 /* Assets.xcassets */; };
		83A8E86C1EADE76700F2D121 /* LaunchScreen.storyboard in Resources */ = {isa = PBXBuildFile; fileRef = 83A8E86A1EADE76700F2D121 /* LaunchScreen.storyboard */; };
/* End PBXBuildFile section */

/* Begin PBXFileReference section */
		832787701EAE1D050008667F /* Constants.h */ = {isa = PBXFileReference; lastKnownFileType = sourcecode.c.h; name = Constants.h; path = "Digi Cloud/Constants.h"; sourceTree = "<group>"; };
		832787721EAE25300008667F /* AppSettings.h */ = {isa = PBXFileReference; fileEncoding = 4; lastKnownFileType = sourcecode.c.h; path = AppSettings.h; sourceTree = "<group>"; };
		832787731EAE25300008667F /* AppSettings.m */ = {isa = PBXFileReference; fileEncoding = 4; lastKnownFileType = sourcecode.c.objc; path = AppSettings.m; sourceTree = "<group>"; };
		832787751EAE2CD60008667F /* MainNavigationController.h */ = {isa = PBXFileReference; fileEncoding = 4; lastKnownFileType = sourcecode.c.h; path = MainNavigationController.h; sourceTree = "<group>"; };
		832787761EAE2CD60008667F /* MainNavigationController.m */ = {isa = PBXFileReference; fileEncoding = 4; lastKnownFileType = sourcecode.c.objc; path = MainNavigationController.m; sourceTree = "<group>"; };
		83A734F01EADEEF400E42738 /* FlowController.m */ = {isa = PBXFileReference; fileEncoding = 4; lastKnownFileType = sourcecode.c.objc; path = FlowController.m; sourceTree = "<group>"; };
		83A734F21EADEF0800E42738 /* FlowController.h */ = {isa = PBXFileReference; lastKnownFileType = sourcecode.c.h; path = FlowController.h; sourceTree = "<group>"; };
		83A734F31EADF8C100E42738 /* AccountSelectionViewController.h */ = {isa = PBXFileReference; fileEncoding = 4; lastKnownFileType = sourcecode.c.h; path = AccountSelectionViewController.h; sourceTree = "<group>"; };
		83A734F41EADF8C100E42738 /* AccountSelectionViewController.m */ = {isa = PBXFileReference; fileEncoding = 4; lastKnownFileType = sourcecode.c.objc; path = AccountSelectionViewController.m; sourceTree = "<group>"; };
		83A734F71EAE058B00E42738 /* NSFileManager+DigiCloud.h */ = {isa = PBXFileReference; fileEncoding = 4; lastKnownFileType = sourcecode.c.h; path = "NSFileManager+DigiCloud.h"; sourceTree = "<group>"; };
		83A734F81EAE058B00E42738 /* NSFileManager+DigiCloud.m */ = {isa = PBXFileReference; fileEncoding = 4; lastKnownFileType = sourcecode.c.objc; path = "NSFileManager+DigiCloud.m"; sourceTree = "<group>"; };
		83A8E8591EADE76700F2D121 /* Digi Cloud.app */ = {isa = PBXFileReference; explicitFileType = wrapper.application; includeInIndex = 0; path = "Digi Cloud.app"; sourceTree = BUILT_PRODUCTS_DIR; };
		83A8E85D1EADE76700F2D121 /* main.m */ = {isa = PBXFileReference; lastKnownFileType = sourcecode.c.objc; path = main.m; sourceTree = "<group>"; };
		83A8E85F1EADE76700F2D121 /* AppDelegate.h */ = {isa = PBXFileReference; lastKnownFileType = sourcecode.c.h; path = AppDelegate.h; sourceTree = "<group>"; };
		83A8E8601EADE76700F2D121 /* AppDelegate.m */ = {isa = PBXFileReference; lastKnownFileType = sourcecode.c.objc; path = AppDelegate.m; sourceTree = "<group>"; };
		83A8E8681EADE76700F2D121 /* Assets.xcassets */ = {isa = PBXFileReference; lastKnownFileType = folder.assetcatalog; path = Assets.xcassets; sourceTree = "<group>"; };
		83A8E86B1EADE76700F2D121 /* Base */ = {isa = PBXFileReference; lastKnownFileType = file.storyboard; name = Base; path = Base.lproj/LaunchScreen.storyboard; sourceTree = "<group>"; };
		83A8E86D1EADE76700F2D121 /* Info.plist */ = {isa = PBXFileReference; lastKnownFileType = text.plist.xml; path = Info.plist; sourceTree = "<group>"; };
/* End PBXFileReference section */

/* Begin PBXFrameworksBuildPhase section */
		83A8E8561EADE76700F2D121 /* Frameworks */ = {
			isa = PBXFrameworksBuildPhase;
			buildActionMask = 2147483647;
			files = (
			);
			runOnlyForDeploymentPostprocessing = 0;
		};
/* End PBXFrameworksBuildPhase section */

/* Begin PBXGroup section */
		832787711EAE1DBB0008667F /* Categories */ = {
			isa = PBXGroup;
			children = (
				83A734F71EAE058B00E42738 /* NSFileManager+DigiCloud.h */,
				83A734F81EAE058B00E42738 /* NSFileManager+DigiCloud.m */,
			);
			name = Categories;
			sourceTree = "<group>";
		};
		83A734F61EADFA5E00E42738 /* Accounts */ = {
			isa = PBXGroup;
			children = (
				83A734F31EADF8C100E42738 /* AccountSelectionViewController.h */,
				83A734F41EADF8C100E42738 /* AccountSelectionViewController.m */,
			);
			name = Accounts;
			sourceTree = "<group>";
		};
		83A8E8501EADE76700F2D121 = {
			isa = PBXGroup;
			children = (
				832787701EAE1D050008667F /* Constants.h */,
				83A8E85B1EADE76700F2D121 /* Digi Cloud */,
				83A8E85A1EADE76700F2D121 /* Products */,
			);
			sourceTree = "<group>";
		};
		83A8E85A1EADE76700F2D121 /* Products */ = {
			isa = PBXGroup;
			children = (
				83A8E8591EADE76700F2D121 /* Digi Cloud.app */,
			);
			name = Products;
			sourceTree = "<group>";
		};
		83A8E85B1EADE76700F2D121 /* Digi Cloud */ = {
			isa = PBXGroup;
			children = (
				83A8E85F1EADE76700F2D121 /* AppDelegate.h */,
				83A8E8601EADE76700F2D121 /* AppDelegate.m */,
				832787721EAE25300008667F /* AppSettings.h */,
				832787731EAE25300008667F /* AppSettings.m */,
				83A734F21EADEF0800E42738 /* FlowController.h */,
				83A734F01EADEEF400E42738 /* FlowController.m */,
				832787751EAE2CD60008667F /* MainNavigationController.h */,
				832787761EAE2CD60008667F /* MainNavigationController.m */,
				832787711EAE1DBB0008667F /* Categories */,
				83A734F61EADFA5E00E42738 /* Accounts */,
				83A8E8681EADE76700F2D121 /* Assets.xcassets */,
				83A8E86A1EADE76700F2D121 /* LaunchScreen.storyboard */,
				83A8E86D1EADE76700F2D121 /* Info.plist */,
				83A8E85C1EADE76700F2D121 /* Supporting Files */,
			);
			path = "Digi Cloud";
			sourceTree = "<group>";
		};
		83A8E85C1EADE76700F2D121 /* Supporting Files */ = {
			isa = PBXGroup;
			children = (
				83A8E85D1EADE76700F2D121 /* main.m */,
			);
			name = "Supporting Files";
			sourceTree = "<group>";
		};
/* End PBXGroup section */

/* Begin PBXNativeTarget section */
		83A8E8581EADE76700F2D121 /* Digi Cloud */ = {
			isa = PBXNativeTarget;
			buildConfigurationList = 83A8E8701EADE76700F2D121 /* Build configuration list for PBXNativeTarget "Digi Cloud" */;
			buildPhases = (
				83A8E8551EADE76700F2D121 /* Sources */,
				83A8E8561EADE76700F2D121 /* Frameworks */,
				83A8E8571EADE76700F2D121 /* Resources */,
			);
			buildRules = (
			);
			dependencies = (
			);
			name = "Digi Cloud";
			productName = "Digi Cloud";
			productReference = 83A8E8591EADE76700F2D121 /* Digi Cloud.app */;
			productType = "com.apple.product-type.application";
		};
/* End PBXNativeTarget section */

/* Begin PBXProject section */
		83A8E8511EADE76700F2D121 /* Project object */ = {
			isa = PBXProject;
			attributes = {
				LastUpgradeCheck = 0830;
				ORGANIZATIONNAME = "Mihai Cristescu";
				TargetAttributes = {
					83A8E8581EADE76700F2D121 = {
						CreatedOnToolsVersion = 8.3.2;
						DevelopmentTeam = S8V3V9GFN2;
						ProvisioningStyle = Automatic;
					};
				};
			};
			buildConfigurationList = 83A8E8541EADE76700F2D121 /* Build configuration list for PBXProject "Digi Cloud" */;
			compatibilityVersion = "Xcode 3.2";
			developmentRegion = English;
			hasScannedForEncodings = 0;
			knownRegions = (
				en,
				Base,
			);
			mainGroup = 83A8E8501EADE76700F2D121;
			productRefGroup = 83A8E85A1EADE76700F2D121 /* Products */;
			projectDirPath = "";
			projectRoot = "";
			targets = (
				83A8E8581EADE76700F2D121 /* Digi Cloud */,
			);
		};
/* End PBXProject section */

/* Begin PBXResourcesBuildPhase section */
		83A8E8571EADE76700F2D121 /* Resources */ = {
			isa = PBXResourcesBuildPhase;
			buildActionMask = 2147483647;
			files = (
				83A8E86C1EADE76700F2D121 /* LaunchScreen.storyboard in Resources */,
				83A8E8691EADE76700F2D121 /* Assets.xcassets in Resources */,
			);
			runOnlyForDeploymentPostprocessing = 0;
		};
/* End PBXResourcesBuildPhase section */

/* Begin PBXSourcesBuildPhase section */
		83A8E8551EADE76700F2D121 /* Sources */ = {
			isa = PBXSourcesBuildPhase;
			buildActionMask = 2147483647;
			files = (
				83A734F11EADEEF400E42738 /* FlowController.m in Sources */,
				83A8E8611EADE76700F2D121 /* AppDelegate.m in Sources */,
				832787741EAE25300008667F /* AppSettings.m in Sources */,
				83A734F91EAE058B00E42738 /* NSFileManager+DigiCloud.m in Sources */,
				832787771EAE2CD60008667F /* MainNavigationController.m in Sources */,
				83A734F51EADF8C100E42738 /* AccountSelectionViewController.m in Sources */,
				83A8E85E1EADE76700F2D121 /* main.m in Sources */,
			);
			runOnlyForDeploymentPostprocessing = 0;
		};
/* End PBXSourcesBuildPhase section */

/* Begin PBXVariantGroup section */
		83A8E86A1EADE76700F2D121 /* LaunchScreen.storyboard */ = {
			isa = PBXVariantGroup;
			children = (
				83A8E86B1EADE76700F2D121 /* Base */,
			);
			name = LaunchScreen.storyboard;
			sourceTree = "<group>";
		};
/* End PBXVariantGroup section */

/* Begin XCBuildConfiguration section */
		83A8E86E1EADE76700F2D121 /* Debug */ = {
			isa = XCBuildConfiguration;
			buildSettings = {
				ALWAYS_SEARCH_USER_PATHS = NO;
				CLANG_ANALYZER_NONNULL = YES;
				CLANG_ANALYZER_NUMBER_OBJECT_CONVERSION = YES_AGGRESSIVE;
				CLANG_CXX_LANGUAGE_STANDARD = "gnu++0x";
				CLANG_CXX_LIBRARY = "libc++";
				CLANG_ENABLE_MODULES = YES;
				CLANG_ENABLE_OBJC_ARC = YES;
				CLANG_WARN_BOOL_CONVERSION = YES;
				CLANG_WARN_CONSTANT_CONVERSION = YES;
				CLANG_WARN_DIRECT_OBJC_ISA_USAGE = YES_ERROR;
				CLANG_WARN_DOCUMENTATION_COMMENTS = YES;
				CLANG_WARN_EMPTY_BODY = YES;
				CLANG_WARN_ENUM_CONVERSION = YES;
				CLANG_WARN_INFINITE_RECURSION = YES;
				CLANG_WARN_INT_CONVERSION = YES;
				CLANG_WARN_OBJC_ROOT_CLASS = YES_ERROR;
				CLANG_WARN_SUSPICIOUS_MOVE = YES;
				CLANG_WARN_UNREACHABLE_CODE = YES;
				CLANG_WARN__DUPLICATE_METHOD_MATCH = YES;
				"CODE_SIGN_IDENTITY[sdk=iphoneos*]" = "iPhone Developer";
				COPY_PHASE_STRIP = NO;
				DEBUG_INFORMATION_FORMAT = dwarf;
				ENABLE_STRICT_OBJC_MSGSEND = YES;
				ENABLE_TESTABILITY = YES;
				GCC_C_LANGUAGE_STANDARD = gnu99;
				GCC_DYNAMIC_NO_PIC = NO;
				GCC_NO_COMMON_BLOCKS = YES;
				GCC_OPTIMIZATION_LEVEL = 0;
				GCC_PREPROCESSOR_DEFINITIONS = (
					"DEBUG=1",
					"$(inherited)",
				);
				GCC_WARN_64_TO_32_BIT_CONVERSION = YES;
				GCC_WARN_ABOUT_RETURN_TYPE = YES_ERROR;
				GCC_WARN_UNDECLARED_SELECTOR = YES;
				GCC_WARN_UNINITIALIZED_AUTOS = YES_AGGRESSIVE;
				GCC_WARN_UNUSED_FUNCTION = YES;
				GCC_WARN_UNUSED_VARIABLE = YES;
				IPHONEOS_DEPLOYMENT_TARGET = 10.3;
				MTL_ENABLE_DEBUG_INFO = YES;
				ONLY_ACTIVE_ARCH = YES;
				SDKROOT = iphoneos;
				TARGETED_DEVICE_FAMILY = "1,2";
			};
			name = Debug;
		};
		83A8E86F1EADE76700F2D121 /* Release */ = {
			isa = XCBuildConfiguration;
			buildSettings = {
				ALWAYS_SEARCH_USER_PATHS = NO;
				CLANG_ANALYZER_NONNULL = YES;
				CLANG_ANALYZER_NUMBER_OBJECT_CONVERSION = YES_AGGRESSIVE;
				CLANG_CXX_LANGUAGE_STANDARD = "gnu++0x";
				CLANG_CXX_LIBRARY = "libc++";
				CLANG_ENABLE_MODULES = YES;
				CLANG_ENABLE_OBJC_ARC = YES;
				CLANG_WARN_BOOL_CONVERSION = YES;
				CLANG_WARN_CONSTANT_CONVERSION = YES;
				CLANG_WARN_DIRECT_OBJC_ISA_USAGE = YES_ERROR;
				CLANG_WARN_DOCUMENTATION_COMMENTS = YES;
				CLANG_WARN_EMPTY_BODY = YES;
				CLANG_WARN_ENUM_CONVERSION = YES;
				CLANG_WARN_INFINITE_RECURSION = YES;
				CLANG_WARN_INT_CONVERSION = YES;
				CLANG_WARN_OBJC_ROOT_CLASS = YES_ERROR;
				CLANG_WARN_SUSPICIOUS_MOVE = YES;
				CLANG_WARN_UNREACHABLE_CODE = YES;
				CLANG_WARN__DUPLICATE_METHOD_MATCH = YES;
				"CODE_SIGN_IDENTITY[sdk=iphoneos*]" = "iPhone Developer";
				COPY_PHASE_STRIP = NO;
				DEBUG_INFORMATION_FORMAT = "dwarf-with-dsym";
				ENABLE_NS_ASSERTIONS = NO;
				ENABLE_STRICT_OBJC_MSGSEND = YES;
				GCC_C_LANGUAGE_STANDARD = gnu99;
				GCC_NO_COMMON_BLOCKS = YES;
				GCC_WARN_64_TO_32_BIT_CONVERSION = YES;
				GCC_WARN_ABOUT_RETURN_TYPE = YES_ERROR;
				GCC_WARN_UNDECLARED_SELECTOR = YES;
				GCC_WARN_UNINITIALIZED_AUTOS = YES_AGGRESSIVE;
				GCC_WARN_UNUSED_FUNCTION = YES;
				GCC_WARN_UNUSED_VARIABLE = YES;
				IPHONEOS_DEPLOYMENT_TARGET = 10.3;
				MTL_ENABLE_DEBUG_INFO = NO;
				SDKROOT = iphoneos;
				TARGETED_DEVICE_FAMILY = "1,2";
				VALIDATE_PRODUCT = YES;
			};
			name = Release;
		};
		83A8E8711EADE76700F2D121 /* Debug */ = {
			isa = XCBuildConfiguration;
			buildSettings = {
				ASSETCATALOG_COMPILER_APPICON_NAME = "AppIcon-Dev";
				DEVELOPMENT_TEAM = S8V3V9GFN2;
				INFOPLIST_FILE = "Digi Cloud/Info.plist";
				LD_RUNPATH_SEARCH_PATHS = "$(inherited) @executable_path/Frameworks";
				PRODUCT_BUNDLE_IDENTIFIER = "ro.mihaicris.Digi-Cloud.dev";
				PRODUCT_NAME = "$(TARGET_NAME)";
			};
			name = Debug;
		};
		83A8E8721EADE76700F2D121 /* Release */ = {
			isa = XCBuildConfiguration;
			buildSettings = {
				ASSETCATALOG_COMPILER_APPICON_NAME = AppIcon;
				DEVELOPMENT_TEAM = S8V3V9GFN2;
				INFOPLIST_FILE = "Digi Cloud/Info.plist";
				LD_RUNPATH_SEARCH_PATHS = "$(inherited) @executable_path/Frameworks";
				PRODUCT_BUNDLE_IDENTIFIER = "ro.mihaicris.Digi-Cloud";
				PRODUCT_NAME = "$(TARGET_NAME)";
			};
			name = Release;
		};
/* End XCBuildConfiguration section */

/* Begin XCConfigurationList section */
		83A8E8541EADE76700F2D121 /* Build configuration list for PBXProject "Digi Cloud" */ = {
			isa = XCConfigurationList;
			buildConfigurations = (
				83A8E86E1EADE76700F2D121 /* Debug */,
				83A8E86F1EADE76700F2D121 /* Release */,
			);
			defaultConfigurationIsVisible = 0;
			defaultConfigurationName = Release;
		};
		83A8E8701EADE76700F2D121 /* Build configuration list for PBXNativeTarget "Digi Cloud" */ = {
			isa = XCConfigurationList;
			buildConfigurations = (
				83A8E8711EADE76700F2D121 /* Debug */,
				83A8E8721EADE76700F2D121 /* Release */,
			);
			defaultConfigurationIsVisible = 0;
			defaultConfigurationName = Release;
		};
/* End XCConfigurationList section */
	};
	rootObject = 83A8E8511EADE76700F2D121 /* Project object */;
}
